# generated by rye
# use `rye lock` or `rye sync` to update this lockfile
#
# last locked with the following flags:
#   pre: false
#   features: []
#   all-features: false
#   with-sources: false
#   generate-hashes: false
#   universal: false

-e file:.
annotated-types==0.7.0
    # via pydantic
click==8.1.7
    # via typer
contourpy==1.3.0
    # via matplotlib
cycler==0.12.1
    # via matplotlib
filelock==3.16.1
    # via torch
fonttools==4.54.1
    # via matplotlib
fsspec==2024.10.0
    # via torch
iniconfig==2.0.0
    # via pytest
jinja2==3.1.4
    # via torch
kiwisolver==1.4.7
    # via matplotlib
labfile @ git+https://github.com/flywhl/labfile@b7c7031e6edefcb9eb86877b80f3630c8f3d2e31
    # via lab
lark==1.2.2
    # via lab
    # via labfile
markdown-it-py==3.0.0
    # via rich
markupsafe==3.0.2
    # via jinja2
matplotlib==3.9.2
    # via lab
mdurl==0.1.2
    # via markdown-it-py
mpmath==1.3.0
    # via sympy
networkx==3.4.2
    # via torch
numpy==2.1.3
    # via contourpy
    # via lab
    # via matplotlib
    # via termplotlib
packaging==24.1
    # via matplotlib
    # via pytest
pillow==11.0.0
    # via matplotlib
pluggy==1.5.0
    # via pytest
polars==1.12.0
    # via lab
pydantic==2.9.2
    # via lab
    # via labfile
    # via pydantic-settings
pydantic-core==2.23.4
    # via pydantic
pydantic-settings==2.6.1
    # via lab
    # via labfile
pygments==2.18.0
    # via rich
pyparsing==3.2.0
    # via matplotlib
pytest==8.3.3
    # via wireup
python-dateutil==2.9.0.post0
    # via matplotlib
python-dotenv==1.0.1
    # via pydantic-settings
pyyaml==6.0.2
    # via lab
rich==13.9.4
    # via lab
    # via typer
shellingham==1.5.4
    # via typer
six==1.16.0
    # via python-dateutil
sqlalchemy==2.0.36
    # via lab
sympy==1.13.1
    # via torch
termplotlib==0.3.9
    # via lab
torch==2.5.1
    # via lab
typer==0.12.5
    # via lab
typing-extensions==4.12.2
    # via pydantic
    # via pydantic-core
    # via sqlalchemy
    # via torch
    # via typer
wireup==0.12.0
    # via lab
